{
	"name": "signalr",
	"version": "0.0.1",
	"lockfileVersion": 1,
	"requires": true,
	"dependencies": {
		"jquery": {
			"version": "2.2.4",
			"resolved": "http://registry.npm.taobao.org/jquery/download/jquery-2.2.4.tgz",
			"integrity": "sha1-LInWiJterFIqfuoywUUhVZxsvwI="
		},
		"jquery-deferred": {
			"version": "0.3.1",
			"resolved": "http://registry.npm.taobao.org/jquery-deferred/download/jquery-deferred-0.3.1.tgz",
			"integrity": "sha1-WW7KHKr/VPYbEQlisjyv6nTDU1U="
		},
		"ms-signalr-client": {
			"version": "2.2.7",
			"resolved": "http://registry.npm.taobao.org/ms-signalr-client/download/ms-signalr-client-2.2.7.tgz",
			"integrity": "sha1-g3yTy7XJn2MSdIyXyB+YD9/+B8g=",
			"requires": {
				"jquery": "2.2.4"
			}
		},
		"react-native-signalr": {
			"version": "1.0.4",
			"resolved": "http://registry.npm.taobao.org/react-native-signalr/download/react-native-signalr-1.0.4.tgz",
			"integrity": "sha1-4S6lftbH9b/S1MEzD8ppske18+E=",
			"requires": {
				"jquery-deferred": "0.3.1",
				"ms-signalr-client": "2.2.7"
			}
		}
	}
}
